
Microsoft Visual Studio Solution File, Format Version 12.00
# Visual Studio 15
VisualStudioVersion = 15.0.27703.2042
MinimumVisualStudioVersion = 10.0.40219.1
Project("{FAE04EC0-301F-11D3-BF4B-00C04F79EFBC}") = "EyeSystem.web.eSeguridad", "..\1.0 Presentacion\1.1 UI_Web\eSeguridad\EyeSystem.web.eSeguridad.csproj", "{1960DA09-5104-4C4A-9A6C-F819E7B8A744}"
EndProject
Project("{2150E333-8FDC-42A3-9474-1A3956D46DE8}") = "1.0 Presentacion", "1.0 Presentacion", "{463BE77F-C185-4261-BA16-6994D76D07CE}"
EndProject
Project("{2150E333-8FDC-42A3-9474-1A3956D46DE8}") = "1.1 Ui_Web", "1.1 Ui_Web", "{C7639308-829C-4BE1-B462-EB3CF9ACFD3A}"
EndProject
Project("{2150E333-8FDC-42A3-9474-1A3956D46DE8}") = "2.0 Negocios", "2.0 Negocios", "{A2378BB4-3D4E-4BE6-9A5A-CC9EBE8BBD77}"
EndProject
Project("{2150E333-8FDC-42A3-9474-1A3956D46DE8}") = "3.0 Datos", "3.0 Datos", "{567AAA30-F687-4A44-A725-E6B259E8B568}"
EndProject
Project("{2150E333-8FDC-42A3-9474-1A3956D46DE8}") = "4.0 Soporte", "4.0 Soporte", "{F4391D1B-29A5-47FA-8870-0DF9C7A8E46E}"
EndProject
Project("{2150E333-8FDC-42A3-9474-1A3956D46DE8}") = "5.0 Pruebas", "5.0 Pruebas", "{9F11C269-8D91-4F1D-89E8-FC9EF24B2CE7}"
EndProject
Project("{2150E333-8FDC-42A3-9474-1A3956D46DE8}") = "6.0 Reportes", "6.0 Reportes", "{D1269138-1D55-4F8D-90BF-9B81AA5A12CA}"
EndProject
Project("{2150E333-8FDC-42A3-9474-1A3956D46DE8}") = "7.0 Seguridad", "7.0 Seguridad", "{D460A9EE-AADC-4FC0-9336-89570A4B2654}"
EndProject
Project("{2150E333-8FDC-42A3-9474-1A3956D46DE8}") = "8.0 Servicios", "8.0 Servicios", "{F661BCD8-2293-44B3-BB8B-31BA3DFC2112}"
EndProject
Project("{2150E333-8FDC-42A3-9474-1A3956D46DE8}") = "9.0 Utilidades", "9.0 Utilidades", "{5545E614-6423-4DED-A1BD-19DA51BBD868}"
EndProject
Project("{2150E333-8FDC-42A3-9474-1A3956D46DE8}") = "2.1 Entidades", "2.1 Entidades", "{0A7C3BA3-7CB5-4A0D-A114-C477DD3FE910}"
EndProject
Project("{2150E333-8FDC-42A3-9474-1A3956D46DE8}") = "2.2 Logica", "2.2 Logica", "{6BA7612D-DAF4-4B54-A0D7-87B0629E7565}"
EndProject
Project("{FAE04EC0-301F-11D3-BF4B-00C04F79EFBC}") = "EyeSystem.Entidades", "..\2.0 Negocios\2.1 Entidades\EyeSystem.Entidades\EyeSystem.Entidades.csproj", "{56B420A0-CF53-4B58-8F2A-C55A4783CD78}"
EndProject
Project("{FAE04EC0-301F-11D3-BF4B-00C04F79EFBC}") = "EyeSystem.Configuraciones", "..\2.0 Negocios\2.2 Logica\EyeSystem.Configuraciones\EyeSystem.Configuraciones.csproj", "{69B146EB-5B43-44E8-AC01-82C616EC4678}"
EndProject
Project("{FAE04EC0-301F-11D3-BF4B-00C04F79EFBC}") = "EyeSystem.Seguridad", "..\2.0 Negocios\2.2 Logica\EyeSystem.Seguridad\EyeSystem.Seguridad.csproj", "{EB63FF80-1635-4771-B8F8-4F9D8DEA150A}"
EndProject
Project("{FAE04EC0-301F-11D3-BF4B-00C04F79EFBC}") = "EyeSystem.DatSeguridad", "..\3.0 Datos\EyeSystem.DatSeguridad\EyeSystem.DatSeguridad.csproj", "{43270071-8AFB-4AB8-915D-93E871BB029B}"
EndProject
Project("{FAE04EC0-301F-11D3-BF4B-00C04F79EFBC}") = "EyeSystem.Utils", "..\8.0 Utilidades\EyeSystem.Utils\EyeSystem.Utils.csproj", "{1E52E610-0075-4A35-9D0F-3ED2C7270899}"
EndProject
Global
	GlobalSection(SolutionConfigurationPlatforms) = preSolution
		Debug|Any CPU = Debug|Any CPU
		Debug|ARM = Debug|ARM
		Debug|x64 = Debug|x64
		Debug|x86 = Debug|x86
		Release|Any CPU = Release|Any CPU
		Release|ARM = Release|ARM
		Release|x64 = Release|x64
		Release|x86 = Release|x86
	EndGlobalSection
	GlobalSection(ProjectConfigurationPlatforms) = postSolution
		{1960DA09-5104-4C4A-9A6C-F819E7B8A744}.Debug|Any CPU.ActiveCfg = Debug|Any CPU
		{1960DA09-5104-4C4A-9A6C-F819E7B8A744}.Debug|Any CPU.Build.0 = Debug|Any CPU
		{1960DA09-5104-4C4A-9A6C-F819E7B8A744}.Debug|ARM.ActiveCfg = Debug|Any CPU
		{1960DA09-5104-4C4A-9A6C-F819E7B8A744}.Debug|ARM.Build.0 = Debug|Any CPU
		{1960DA09-5104-4C4A-9A6C-F819E7B8A744}.Debug|x64.ActiveCfg = Debug|Any CPU
		{1960DA09-5104-4C4A-9A6C-F819E7B8A744}.Debug|x64.Build.0 = Debug|Any CPU
		{1960DA09-5104-4C4A-9A6C-F819E7B8A744}.Debug|x86.ActiveCfg = Debug|Any CPU
		{1960DA09-5104-4C4A-9A6C-F819E7B8A744}.Debug|x86.Build.0 = Debug|Any CPU
		{1960DA09-5104-4C4A-9A6C-F819E7B8A744}.Release|Any CPU.ActiveCfg = Release|Any CPU
		{1960DA09-5104-4C4A-9A6C-F819E7B8A744}.Release|Any CPU.Build.0 = Release|Any CPU
		{1960DA09-5104-4C4A-9A6C-F819E7B8A744}.Release|ARM.ActiveCfg = Release|Any CPU
		{1960DA09-5104-4C4A-9A6C-F819E7B8A744}.Release|ARM.Build.0 = Release|Any CPU
		{1960DA09-5104-4C4A-9A6C-F819E7B8A744}.Release|x64.ActiveCfg = Release|Any CPU
		{1960DA09-5104-4C4A-9A6C-F819E7B8A744}.Release|x64.Build.0 = Release|Any CPU
		{1960DA09-5104-4C4A-9A6C-F819E7B8A744}.Release|x86.ActiveCfg = Release|Any CPU
		{1960DA09-5104-4C4A-9A6C-F819E7B8A744}.Release|x86.Build.0 = Release|Any CPU
		{56B420A0-CF53-4B58-8F2A-C55A4783CD78}.Debug|Any CPU.ActiveCfg = Debug|Any CPU
		{56B420A0-CF53-4B58-8F2A-C55A4783CD78}.Debug|Any CPU.Build.0 = Debug|Any CPU
		{56B420A0-CF53-4B58-8F2A-C55A4783CD78}.Debug|ARM.ActiveCfg = Debug|Any CPU
		{56B420A0-CF53-4B58-8F2A-C55A4783CD78}.Debug|ARM.Build.0 = Debug|Any CPU
		{56B420A0-CF53-4B58-8F2A-C55A4783CD78}.Debug|x64.ActiveCfg = Debug|Any CPU
		{56B420A0-CF53-4B58-8F2A-C55A4783CD78}.Debug|x64.Build.0 = Debug|Any CPU
		{56B420A0-CF53-4B58-8F2A-C55A4783CD78}.Debug|x86.ActiveCfg = Debug|Any CPU
		{56B420A0-CF53-4B58-8F2A-C55A4783CD78}.Debug|x86.Build.0 = Debug|Any CPU
		{56B420A0-CF53-4B58-8F2A-C55A4783CD78}.Release|Any CPU.ActiveCfg = Release|Any CPU
		{56B420A0-CF53-4B58-8F2A-C55A4783CD78}.Release|Any CPU.Build.0 = Release|Any CPU
		{56B420A0-CF53-4B58-8F2A-C55A4783CD78}.Release|ARM.ActiveCfg = Release|Any CPU
		{56B420A0-CF53-4B58-8F2A-C55A4783CD78}.Release|ARM.Build.0 = Release|Any CPU
		{56B420A0-CF53-4B58-8F2A-C55A4783CD78}.Release|x64.ActiveCfg = Release|Any CPU
		{56B420A0-CF53-4B58-8F2A-C55A4783CD78}.Release|x64.Build.0 = Release|Any CPU
		{56B420A0-CF53-4B58-8F2A-C55A4783CD78}.Release|x86.ActiveCfg = Release|Any CPU
		{56B420A0-CF53-4B58-8F2A-C55A4783CD78}.Release|x86.Build.0 = Release|Any CPU
		{69B146EB-5B43-44E8-AC01-82C616EC4678}.Debug|Any CPU.ActiveCfg = Debug|Any CPU
		{69B146EB-5B43-44E8-AC01-82C616EC4678}.Debug|Any CPU.Build.0 = Debug|Any CPU
		{69B146EB-5B43-44E8-AC01-82C616EC4678}.Debug|ARM.ActiveCfg = Debug|Any CPU
		{69B146EB-5B43-44E8-AC01-82C616EC4678}.Debug|ARM.Build.0 = Debug|Any CPU
		{69B146EB-5B43-44E8-AC01-82C616EC4678}.Debug|x64.ActiveCfg = Debug|Any CPU
		{69B146EB-5B43-44E8-AC01-82C616EC4678}.Debug|x64.Build.0 = Debug|Any CPU
		{69B146EB-5B43-44E8-AC01-82C616EC4678}.Debug|x86.ActiveCfg = Debug|Any CPU
		{69B146EB-5B43-44E8-AC01-82C616EC4678}.Debug|x86.Build.0 = Debug|Any CPU
		{69B146EB-5B43-44E8-AC01-82C616EC4678}.Release|Any CPU.ActiveCfg = Release|Any CPU
		{69B146EB-5B43-44E8-AC01-82C616EC4678}.Release|Any CPU.Build.0 = Release|Any CPU
		{69B146EB-5B43-44E8-AC01-82C616EC4678}.Release|ARM.ActiveCfg = Release|Any CPU
		{69B146EB-5B43-44E8-AC01-82C616EC4678}.Release|ARM.Build.0 = Release|Any CPU
		{69B146EB-5B43-44E8-AC01-82C616EC4678}.Release|x64.ActiveCfg = Release|Any CPU
		{69B146EB-5B43-44E8-AC01-82C616EC4678}.Release|x64.Build.0 = Release|Any CPU
		{69B146EB-5B43-44E8-AC01-82C616EC4678}.Release|x86.ActiveCfg = Release|Any CPU
		{69B146EB-5B43-44E8-AC01-82C616EC4678}.Release|x86.Build.0 = Release|Any CPU
		{EB63FF80-1635-4771-B8F8-4F9D8DEA150A}.Debug|Any CPU.ActiveCfg = Debug|Any CPU
		{EB63FF80-1635-4771-B8F8-4F9D8DEA150A}.Debug|Any CPU.Build.0 = Debug|Any CPU
		{EB63FF80-1635-4771-B8F8-4F9D8DEA150A}.Debug|ARM.ActiveCfg = Debug|Any CPU
		{EB63FF80-1635-4771-B8F8-4F9D8DEA150A}.Debug|ARM.Build.0 = Debug|Any CPU
		{EB63FF80-1635-4771-B8F8-4F9D8DEA150A}.Debug|x64.ActiveCfg = Debug|Any CPU
		{EB63FF80-1635-4771-B8F8-4F9D8DEA150A}.Debug|x64.Build.0 = Debug|Any CPU
		{EB63FF80-1635-4771-B8F8-4F9D8DEA150A}.Debug|x86.ActiveCfg = Debug|Any CPU
		{EB63FF80-1635-4771-B8F8-4F9D8DEA150A}.Debug|x86.Build.0 = Debug|Any CPU
		{EB63FF80-1635-4771-B8F8-4F9D8DEA150A}.Release|Any CPU.ActiveCfg = Release|Any CPU
		{EB63FF80-1635-4771-B8F8-4F9D8DEA150A}.Release|Any CPU.Build.0 = Release|Any CPU
		{EB63FF80-1635-4771-B8F8-4F9D8DEA150A}.Release|ARM.ActiveCfg = Release|Any CPU
		{EB63FF80-1635-4771-B8F8-4F9D8DEA150A}.Release|ARM.Build.0 = Release|Any CPU
		{EB63FF80-1635-4771-B8F8-4F9D8DEA150A}.Release|x64.ActiveCfg = Release|Any CPU
		{EB63FF80-1635-4771-B8F8-4F9D8DEA150A}.Release|x64.Build.0 = Release|Any CPU
		{EB63FF80-1635-4771-B8F8-4F9D8DEA150A}.Release|x86.ActiveCfg = Release|Any CPU
		{EB63FF80-1635-4771-B8F8-4F9D8DEA150A}.Release|x86.Build.0 = Release|Any CPU
		{43270071-8AFB-4AB8-915D-93E871BB029B}.Debug|Any CPU.ActiveCfg = Debug|Any CPU
		{43270071-8AFB-4AB8-915D-93E871BB029B}.Debug|Any CPU.Build.0 = Debug|Any CPU
		{43270071-8AFB-4AB8-915D-93E871BB029B}.Debug|ARM.ActiveCfg = Debug|Any CPU
		{43270071-8AFB-4AB8-915D-93E871BB029B}.Debug|ARM.Build.0 = Debug|Any CPU
		{43270071-8AFB-4AB8-915D-93E871BB029B}.Debug|x64.ActiveCfg = Debug|Any CPU
		{43270071-8AFB-4AB8-915D-93E871BB029B}.Debug|x64.Build.0 = Debug|Any CPU
		{43270071-8AFB-4AB8-915D-93E871BB029B}.Debug|x86.ActiveCfg = Debug|Any CPU
		{43270071-8AFB-4AB8-915D-93E871BB029B}.Debug|x86.Build.0 = Debug|Any CPU
		{43270071-8AFB-4AB8-915D-93E871BB029B}.Release|Any CPU.ActiveCfg = Release|Any CPU
		{43270071-8AFB-4AB8-915D-93E871BB029B}.Release|Any CPU.Build.0 = Release|Any CPU
		{43270071-8AFB-4AB8-915D-93E871BB029B}.Release|ARM.ActiveCfg = Release|Any CPU
		{43270071-8AFB-4AB8-915D-93E871BB029B}.Release|ARM.Build.0 = Release|Any CPU
		{43270071-8AFB-4AB8-915D-93E871BB029B}.Release|x64.ActiveCfg = Release|Any CPU
		{43270071-8AFB-4AB8-915D-93E871BB029B}.Release|x64.Build.0 = Release|Any CPU
		{43270071-8AFB-4AB8-915D-93E871BB029B}.Release|x86.ActiveCfg = Release|Any CPU
		{43270071-8AFB-4AB8-915D-93E871BB029B}.Release|x86.Build.0 = Release|Any CPU
		{1E52E610-0075-4A35-9D0F-3ED2C7270899}.Debug|Any CPU.ActiveCfg = Debug|Any CPU
		{1E52E610-0075-4A35-9D0F-3ED2C7270899}.Debug|Any CPU.Build.0 = Debug|Any CPU
		{1E52E610-0075-4A35-9D0F-3ED2C7270899}.Debug|ARM.ActiveCfg = Debug|Any CPU
		{1E52E610-0075-4A35-9D0F-3ED2C7270899}.Debug|ARM.Build.0 = Debug|Any CPU
		{1E52E610-0075-4A35-9D0F-3ED2C7270899}.Debug|x64.ActiveCfg = Debug|Any CPU
		{1E52E610-0075-4A35-9D0F-3ED2C7270899}.Debug|x64.Build.0 = Debug|Any CPU
		{1E52E610-0075-4A35-9D0F-3ED2C7270899}.Debug|x86.ActiveCfg = Debug|Any CPU
		{1E52E610-0075-4A35-9D0F-3ED2C7270899}.Debug|x86.Build.0 = Debug|Any CPU
		{1E52E610-0075-4A35-9D0F-3ED2C7270899}.Release|Any CPU.ActiveCfg = Release|Any CPU
		{1E52E610-0075-4A35-9D0F-3ED2C7270899}.Release|Any CPU.Build.0 = Release|Any CPU
		{1E52E610-0075-4A35-9D0F-3ED2C7270899}.Release|ARM.ActiveCfg = Release|Any CPU
		{1E52E610-0075-4A35-9D0F-3ED2C7270899}.Release|ARM.Build.0 = Release|Any CPU
		{1E52E610-0075-4A35-9D0F-3ED2C7270899}.Release|x64.ActiveCfg = Release|Any CPU
		{1E52E610-0075-4A35-9D0F-3ED2C7270899}.Release|x64.Build.0 = Release|Any CPU
		{1E52E610-0075-4A35-9D0F-3ED2C7270899}.Release|x86.ActiveCfg = Release|Any CPU
		{1E52E610-0075-4A35-9D0F-3ED2C7270899}.Release|x86.Build.0 = Release|Any CPU
	EndGlobalSection
	GlobalSection(SolutionProperties) = preSolution
		HideSolutionNode = FALSE
	EndGlobalSection
	GlobalSection(NestedProjects) = preSolution
		{1960DA09-5104-4C4A-9A6C-F819E7B8A744} = {C7639308-829C-4BE1-B462-EB3CF9ACFD3A}
		{C7639308-829C-4BE1-B462-EB3CF9ACFD3A} = {463BE77F-C185-4261-BA16-6994D76D07CE}
		{0A7C3BA3-7CB5-4A0D-A114-C477DD3FE910} = {A2378BB4-3D4E-4BE6-9A5A-CC9EBE8BBD77}
		{6BA7612D-DAF4-4B54-A0D7-87B0629E7565} = {A2378BB4-3D4E-4BE6-9A5A-CC9EBE8BBD77}
		{56B420A0-CF53-4B58-8F2A-C55A4783CD78} = {0A7C3BA3-7CB5-4A0D-A114-C477DD3FE910}
		{69B146EB-5B43-44E8-AC01-82C616EC4678} = {6BA7612D-DAF4-4B54-A0D7-87B0629E7565}
		{EB63FF80-1635-4771-B8F8-4F9D8DEA150A} = {6BA7612D-DAF4-4B54-A0D7-87B0629E7565}
		{43270071-8AFB-4AB8-915D-93E871BB029B} = {567AAA30-F687-4A44-A725-E6B259E8B568}
		{1E52E610-0075-4A35-9D0F-3ED2C7270899} = {5545E614-6423-4DED-A1BD-19DA51BBD868}
	EndGlobalSection
	GlobalSection(ExtensibilityGlobals) = postSolution
		SolutionGuid = {67E6BD8F-FF79-4EB2-A7AA-C066F82C6733}
	EndGlobalSection
EndGlobal
